
Microsoft Visual Studio Solution File, Format Version 12.00
# Visual Studio Version 17
VisualStudioVersion = 17.14.36804.6 d17.14
MinimumVisualStudioVersion = 10.0.40219.1
Project("{FAE04EC0-301F-11D3-BF4B-00C04F79EFBC}") = "PatientAppointmentSystem", "PatientAppointmentSystem\PatientAppointmentSystem.csproj", "{BD3906F2-1FFA-4961-B07F-6B2A7FC81CAF}"
EndProject
Global
	GlobalSection(SolutionConfigurationPlatforms) = preSolution
		Debug|Any CPU = Debug|Any CPU
		Release|Any CPU = Release|Any CPU
	EndGlobalSection
	GlobalSection(ProjectConfigurationPlatforms) = postSolution
		{BD3906F2-1FFA-4961-B07F-6B2A7FC81CAF}.Debug|Any CPU.ActiveCfg = Debug|Any CPU
		{BD3906F2-1FFA-4961-B07F-6B2A7FC81CAF}.Debug|Any CPU.Build.0 = Debug|Any CPU
		{BD3906F2-1FFA-4961-B07F-6B2A7FC81CAF}.Release|Any CPU.ActiveCfg = Release|Any CPU
		{BD3906F2-1FFA-4961-B07F-6B2A7FC81CAF}.Release|Any CPU.Build.0 = Release|Any CPU
	EndGlobalSection
	GlobalSection(SolutionProperties) = preSolution
		HideSolutionNode = FALSE
	EndGlobalSection
	GlobalSection(ExtensibilityGlobals) = postSolution
		SolutionGuid = {53121388-AC00-4A49-B5D6-BCDDF020855D}
	EndGlobalSection
EndGlobal
